// !$*UTF8*$!
{
	archiveVersion = 1;
	classes = {
	};
	objectVersion = 50;
	objects = {

/* Begin PBXBuildFile section */
		939CDA4F24B5039B007DF4A7 /* Assets.xcassets in Resources */ = {isa = PBXBuildFile; fileRef = 939CDA4E24B5039B007DF4A7 /* Assets.xcassets */; };
		93EC9B74248FA7C900F823BF /* AppDelegate.swift in Sources */ = {isa = PBXBuildFile; fileRef = 93EC9B73248FA7C900F823BF /* AppDelegate.swift */; };
		93EC9B76248FA7C900F823BF /* SceneDelegate.swift in Sources */ = {isa = PBXBuildFile; fileRef = 93EC9B75248FA7C900F823BF /* SceneDelegate.swift */; };
		93EC9B78248FA7C900F823BF /* ContentView.swift in Sources */ = {isa = PBXBuildFile; fileRef = 93EC9B77248FA7C900F823BF /* ContentView.swift */; };
		93EC9B7D248FA7CA00F823BF /* Preview Assets.xcassets in Resources */ = {isa = PBXBuildFile; fileRef = 93EC9B7C248FA7CA00F823BF /* Preview Assets.xcassets */; };
		93EC9B80248FA7CA00F823BF /* LaunchScreen.storyboard in Resources */ = {isa = PBXBuildFile; fileRef = 93EC9B7E248FA7CA00F823BF /* LaunchScreen.storyboard */; };
		93EC9B95248FB0B700F823BF /* SF-Mono-LightItalic.otf in Resources */ = {isa = PBXBuildFile; fileRef = 93EC9B89248FB0B600F823BF /* SF-Mono-LightItalic.otf */; };
		93EC9B96248FB0B700F823BF /* SF-Mono-Heavy.otf in Resources */ = {isa = PBXBuildFile; fileRef = 93EC9B8A248FB0B600F823BF /* SF-Mono-Heavy.otf */; };
		93EC9B97248FB0B700F823BF /* SF-Mono-BoldItalic.otf in Resources */ = {isa = PBXBuildFile; fileRef = 93EC9B8B248FB0B600F823BF /* SF-Mono-BoldItalic.otf */; };
		93EC9B98248FB0B700F823BF /* SF-Mono-HeavyItalic.otf in Resources */ = {isa = PBXBuildFile; fileRef = 93EC9B8C248FB0B700F823BF /* SF-Mono-HeavyItalic.otf */; };
		93EC9B99248FB0B700F823BF /* SF-Mono-Semibold.otf in Resources */ = {isa = PBXBuildFile; fileRef = 93EC9B8D248FB0B700F823BF /* SF-Mono-Semibold.otf */; };
		93EC9B9A248FB0B700F823BF /* SF-Mono-RegularItalic.otf in Resources */ = {isa = PBXBuildFile; fileRef = 93EC9B8E248FB0B700F823BF /* SF-Mono-RegularItalic.otf */; };
		93EC9B9B248FB0B700F823BF /* SF-Mono-Light.otf in Resources */ = {isa = PBXBuildFile; fileRef = 93EC9B8F248FB0B700F823BF /* SF-Mono-Light.otf */; };
		93EC9B9C248FB0B700F823BF /* SF-Mono-SemiboldItalic.otf in Resources */ = {isa = PBXBuildFile; fileRef = 93EC9B90248FB0B700F823BF /* SF-Mono-SemiboldItalic.otf */; };
		93EC9B9D248FB0B700F823BF /* SF-Mono-Medium.otf in Resources */ = {isa = PBXBuildFile; fileRef = 93EC9B91248FB0B700F823BF /* SF-Mono-Medium.otf */; };
		93EC9B9E248FB0B700F823BF /* SF-Mono-Regular.otf in Resources */ = {isa = PBXBuildFile; fileRef = 93EC9B92248FB0B700F823BF /* SF-Mono-Regular.otf */; };
		93EC9B9F248FB0B700F823BF /* SF-Mono-MediumItalic.otf in Resources */ = {isa = PBXBuildFile; fileRef = 93EC9B93248FB0B700F823BF /* SF-Mono-MediumItalic.otf */; };
		93EC9BA0248FB0B700F823BF /* SF-Mono-Bold.otf in Resources */ = {isa = PBXBuildFile; fileRef = 93EC9B94248FB0B700F823BF /* SF-Mono-Bold.otf */; };
/* End PBXBuildFile section */

/* Begin PBXFileReference section */
		939CDA4E24B5039B007DF4A7 /* Assets.xcassets */ = {isa = PBXFileReference; lastKnownFileType = folder.assetcatalog; path = Assets.xcassets; sourceTree = "<group>"; };
		93EC9B70248FA7C900F823BF /* KippenCounter.app */ = {isa = PBXFileReference; explicitFileType = wrapper.application; includeInIndex = 0; path = KippenCounter.app; sourceTree = BUILT_PRODUCTS_DIR; };
		93EC9B73248FA7C900F823BF /* AppDelegate.swift */ = {isa = PBXFileReference; lastKnownFileType = sourcecode.swift; path = AppDelegate.swift; sourceTree = "<group>"; };
		93EC9B75248FA7C900F823BF /* SceneDelegate.swift */ = {isa = PBXFileReference; lastKnownFileType = sourcecode.swift; path = SceneDelegate.swift; sourceTree = "<group>"; };
		93EC9B77248FA7C900F823BF /* ContentView.swift */ = {isa = PBXFileReference; lastKnownFileType = sourcecode.swift; path = ContentView.swift; sourceTree = "<group>"; };
		93EC9B7C248FA7CA00F823BF /* Preview Assets.xcassets */ = {isa = PBXFileReference; lastKnownFileType = folder.assetcatalog; path = "Preview Assets.xcassets"; sourceTree = "<group>"; };
		93EC9B7F248FA7CA00F823BF /* Base */ = {isa = PBXFileReference; lastKnownFileType = file.storyboard; name = Base; path = Base.lproj/LaunchScreen.storyboard; sourceTree = "<group>"; };
		93EC9B81248FA7CA00F823BF /* Info.plist */ = {isa = PBXFileReference; lastKnownFileType = text.plist.xml; path = Info.plist; sourceTree = "<group>"; };
		93EC9B89248FB0B600F823BF /* SF-Mono-LightItalic.otf */ = {isa = PBXFileReference; lastKnownFileType = file; path = "SF-Mono-LightItalic.otf"; sourceTree = "<group>"; };
		93EC9B8A248FB0B600F823BF /* SF-Mono-Heavy.otf */ = {isa = PBXFileReference; lastKnownFileType = file; path = "SF-Mono-Heavy.otf"; sourceTree = "<group>"; };
		93EC9B8B248FB0B600F823BF /* SF-Mono-BoldItalic.otf */ = {isa = PBXFileReference; lastKnownFileType = file; path = "SF-Mono-BoldItalic.otf"; sourceTree = "<group>"; };
		93EC9B8C248FB0B700F823BF /* SF-Mono-HeavyItalic.otf */ = {isa = PBXFileReference; lastKnownFileType = file; path = "SF-Mono-HeavyItalic.otf"; sourceTree = "<group>"; };
		93EC9B8D248FB0B700F823BF /* SF-Mono-Semibold.otf */ = {isa = PBXFileReference; lastKnownFileType = file; path = "SF-Mono-Semibold.otf"; sourceTree = "<group>"; };
		93EC9B8E248FB0B700F823BF /* SF-Mono-RegularItalic.otf */ = {isa = PBXFileReference; lastKnownFileType = file; path = "SF-Mono-RegularItalic.otf"; sourceTree = "<group>"; };
		93EC9B8F248FB0B700F823BF /* SF-Mono-Light.otf */ = {isa = PBXFileReference; lastKnownFileType = file; path = "SF-Mono-Light.otf"; sourceTree = "<group>"; };
		93EC9B90248FB0B700F823BF /* SF-Mono-SemiboldItalic.otf */ = {isa = PBXFileReference; lastKnownFileType = file; path = "SF-Mono-SemiboldItalic.otf"; sourceTree = "<group>"; };
		93EC9B91248FB0B700F823BF /* SF-Mono-Medium.otf */ = {isa = PBXFileReference; lastKnownFileType = file; path = "SF-Mono-Medium.otf"; sourceTree = "<group>"; };
		93EC9B92248FB0B700F823BF /* SF-Mono-Regular.otf */ = {isa = PBXFileReference; lastKnownFileType = file; path = "SF-Mono-Regular.otf"; sourceTree = "<group>"; };
		93EC9B93248FB0B700F823BF /* SF-Mono-MediumItalic.otf */ = {isa = PBXFileReference; lastKnownFileType = file; path = "SF-Mono-MediumItalic.otf"; sourceTree = "<group>"; };
		93EC9B94248FB0B700F823BF /* SF-Mono-Bold.otf */ = {isa = PBXFileReference; lastKnownFileType = file; path = "SF-Mono-Bold.otf"; sourceTree = "<group>"; };
/* End PBXFileReference section */

/* Begin PBXFrameworksBuildPhase section */
		93EC9B6D248FA7C900F823BF /* Frameworks */ = {
			isa = PBXFrameworksBuildPhase;
			buildActionMask = 2147483647;
			files = (
			);
			runOnlyForDeploymentPostprocessing = 0;
		};
/* End PBXFrameworksBuildPhase section */

/* Begin PBXGroup section */
		93EC9B67248FA7C900F823BF = {
			isa = PBXGroup;
			children = (
				93EC9B72248FA7C900F823BF /* KippenCounter */,
				93EC9B71248FA7C900F823BF /* Products */,
			);
			sourceTree = "<group>";
		};
		93EC9B71248FA7C900F823BF /* Products */ = {
			isa = PBXGroup;
			children = (
				93EC9B70248FA7C900F823BF /* KippenCounter.app */,
			);
			name = Products;
			sourceTree = "<group>";
		};
		93EC9B72248FA7C900F823BF /* KippenCounter */ = {
			isa = PBXGroup;
			children = (
				93EC9B73248FA7C900F823BF /* AppDelegate.swift */,
				93EC9B75248FA7C900F823BF /* SceneDelegate.swift */,
				93EC9B77248FA7C900F823BF /* ContentView.swift */,
				939CDA4E24B5039B007DF4A7 /* Assets.xcassets */,
				93EC9B7E248FA7CA00F823BF /* LaunchScreen.storyboard */,
				93EC9B81248FA7CA00F823BF /* Info.plist */,
				93EC9B88248FB06B00F823BF /* Fonts */,
				93EC9B7B248FA7CA00F823BF /* Preview Content */,
			);
			path = KippenCounter;
			sourceTree = "<group>";
		};
		93EC9B7B248FA7CA00F823BF /* Preview Content */ = {
			isa = PBXGroup;
			children = (
				93EC9B7C248FA7CA00F823BF /* Preview Assets.xcassets */,
			);
			path = "Preview Content";
			sourceTree = "<group>";
		};
		93EC9B88248FB06B00F823BF /* Fonts */ = {
			isa = PBXGroup;
			children = (
				93EC9B94248FB0B700F823BF /* SF-Mono-Bold.otf */,
				93EC9B8B248FB0B600F823BF /* SF-Mono-BoldItalic.otf */,
				93EC9B8A248FB0B600F823BF /* SF-Mono-Heavy.otf */,
				93EC9B8C248FB0B700F823BF /* SF-Mono-HeavyItalic.otf */,
				93EC9B8F248FB0B700F823BF /* SF-Mono-Light.otf */,
				93EC9B89248FB0B600F823BF /* SF-Mono-LightItalic.otf */,
				93EC9B91248FB0B700F823BF /* SF-Mono-Medium.otf */,
				93EC9B93248FB0B700F823BF /* SF-Mono-MediumItalic.otf */,
				93EC9B92248FB0B700F823BF /* SF-Mono-Regular.otf */,
				93EC9B8E248FB0B700F823BF /* SF-Mono-RegularItalic.otf */,
				93EC9B8D248FB0B700F823BF /* SF-Mono-Semibold.otf */,
				93EC9B90248FB0B700F823BF /* SF-Mono-SemiboldItalic.otf */,
			);
			path = Fonts;
			sourceTree = "<group>";
		};
/* End PBXGroup section */

/* Begin PBXNativeTarget section */
		93EC9B6F248FA7C900F823BF /* KippenCounter */ = {
			isa = PBXNativeTarget;
			buildConfigurationList = 93EC9B84248FA7CA00F823BF /* Build configuration list for PBXNativeTarget "KippenCounter" */;
			buildPhases = (
				93EC9B6C248FA7C900F823BF /* Sources */,
				93EC9B6D248FA7C900F823BF /* Frameworks */,
				93EC9B6E248FA7C900F823BF /* Resources */,
			);
			buildRules = (
			);
			dependencies = (
			);
			name = KippenCounter;
			productName = KippenCounter;
			productReference = 93EC9B70248FA7C900F823BF /* KippenCounter.app */;
			productType = "com.apple.product-type.application";
		};
/* End PBXNativeTarget section */

/* Begin PBXProject section */
		93EC9B68248FA7C900F823BF /* Project object */ = {
			isa = PBXProject;
			attributes = {
				LastSwiftUpdateCheck = 1140;
				LastUpgradeCheck = 1200;
				ORGANIZATIONNAME = "Aaron Schwerdtfeger";
				TargetAttributes = {
					93EC9B6F248FA7C900F823BF = {
						CreatedOnToolsVersion = 11.4.1;
					};
				};
			};
			buildConfigurationList = 93EC9B6B248FA7C900F823BF /* Build configuration list for PBXProject "KippenCounter" */;
			compatibilityVersion = "Xcode 9.3";
			developmentRegion = en;
			hasScannedForEncodings = 0;
			knownRegions = (
				en,
				Base,
			);
			mainGroup = 93EC9B67248FA7C900F823BF;
			productRefGroup = 93EC9B71248FA7C900F823BF /* Products */;
			projectDirPath = "";
			projectRoot = "";
			targets = (
				93EC9B6F248FA7C900F823BF /* KippenCounter */,
			);
		};
/* End PBXProject section */

/* Begin PBXResourcesBuildPhase section */
		93EC9B6E248FA7C900F823BF /* Resources */ = {
			isa = PBXResourcesBuildPhase;
			buildActionMask = 2147483647;
			files = (
				93EC9B97248FB0B700F823BF /* SF-Mono-BoldItalic.otf in Resources */,
				93EC9B9A248FB0B700F823BF /* SF-Mono-RegularItalic.otf in Resources */,
				93EC9B9F248FB0B700F823BF /* SF-Mono-MediumItalic.otf in Resources */,
				93EC9B98248FB0B700F823BF /* SF-Mono-HeavyItalic.otf in Resources */,
				939CDA4F24B5039B007DF4A7 /* Assets.xcassets in Resources */,
				93EC9B96248FB0B700F823BF /* SF-Mono-Heavy.otf in Resources */,
				93EC9B95248FB0B700F823BF /* SF-Mono-LightItalic.otf in Resources */,
				93EC9B80248FA7CA00F823BF /* LaunchScreen.storyboard in Resources */,
				93EC9B9E248FB0B700F823BF /* SF-Mono-Regular.otf in Resources */,
				93EC9B9D248FB0B700F823BF /* SF-Mono-Medium.otf in Resources */,
				93EC9B7D248FA7CA00F823BF /* Preview Assets.xcassets in Resources */,
				93EC9BA0248FB0B700F823BF /* SF-Mono-Bold.otf in Resources */,
				93EC9B99248FB0B700F823BF /* SF-Mono-Semibold.otf in Resources */,
				93EC9B9B248FB0B700F823BF /* SF-Mono-Light.otf in Resources */,
				93EC9B9C248FB0B700F823BF /* SF-Mono-SemiboldItalic.otf in Resources */,
			);
			runOnlyForDeploymentPostprocessing = 0;
		};
/* End PBXResourcesBuildPhase section */

/* Begin PBXSourcesBuildPhase section */
		93EC9B6C248FA7C900F823BF /* Sources */ = {
			isa = PBXSourcesBuildPhase;
			buildActionMask = 2147483647;
			files = (
				93EC9B74248FA7C900F823BF /* AppDelegate.swift in Sources */,
				93EC9B76248FA7C900F823BF /* SceneDelegate.swift in Sources */,
				93EC9B78248FA7C900F823BF /* ContentView.swift in Sources */,
			);
			runOnlyForDeploymentPostprocessing = 0;
		};
/* End PBXSourcesBuildPhase section */

/* Begin PBXVariantGroup section */
		93EC9B7E248FA7CA00F823BF /* LaunchScreen.storyboard */ = {
			isa = PBXVariantGroup;
			children = (
				93EC9B7F248FA7CA00F823BF /* Base */,
			);
			name = LaunchScreen.storyboard;
			sourceTree = "<group>";
		};
/* End PBXVariantGroup section */

/* Begin XCBuildConfiguration section */
		93EC9B82248FA7CA00F823BF /* Debug */ = {
			isa = XCBuildConfiguration;
			buildSettings = {
				ALWAYS_SEARCH_USER_PATHS = NO;
				CLANG_ANALYZER_NONNULL = YES;
				CLANG_ANALYZER_NUMBER_OBJECT_CONVERSION = YES_AGGRESSIVE;
				CLANG_CXX_LANGUAGE_STANDARD = "gnu++14";
				CLANG_CXX_LIBRARY = "libc++";
				CLANG_ENABLE_MODULES = YES;
				CLANG_ENABLE_OBJC_ARC = YES;
				CLANG_ENABLE_OBJC_WEAK = YES;
				CLANG_WARN_BLOCK_CAPTURE_AUTORELEASING = YES;
				CLANG_WARN_BOOL_CONVERSION = YES;
				CLANG_WARN_COMMA = YES;
				CLANG_WARN_CONSTANT_CONVERSION = YES;
				CLANG_WARN_DEPRECATED_OBJC_IMPLEMENTATIONS = YES;
				CLANG_WARN_DIRECT_OBJC_ISA_USAGE = YES_ERROR;
				CLANG_WARN_DOCUMENTATION_COMMENTS = YES;
				CLANG_WARN_EMPTY_BODY = YES;
				CLANG_WARN_ENUM_CONVERSION = YES;
				CLANG_WARN_INFINITE_RECURSION = YES;
				CLANG_WARN_INT_CONVERSION = YES;
				CLANG_WARN_NON_LITERAL_NULL_CONVERSION = YES;
				CLANG_WARN_OBJC_IMPLICIT_RETAIN_SELF = YES;
				CLANG_WARN_OBJC_LITERAL_CONVERSION = YES;
				CLANG_WARN_OBJC_ROOT_CLASS = YES_ERROR;
				CLANG_WARN_QUOTED_INCLUDE_IN_FRAMEWORK_HEADER = YES;
				CLANG_WARN_RANGE_LOOP_ANALYSIS = YES;
				CLANG_WARN_STRICT_PROTOTYPES = YES;
				CLANG_WARN_SUSPICIOUS_MOVE = YES;
				CLANG_WARN_UNGUARDED_AVAILABILITY = YES_AGGRESSIVE;
				CLANG_WARN_UNREACHABLE_CODE = YES;
				CLANG_WARN__DUPLICATE_METHOD_MATCH = YES;
				COPY_PHASE_STRIP = NO;
				DEBUG_INFORMATION_FORMAT = dwarf;
				ENABLE_STRICT_OBJC_MSGSEND = YES;
				ENABLE_TESTABILITY = YES;
				GCC_C_LANGUAGE_STANDARD = gnu11;
				GCC_DYNAMIC_NO_PIC = NO;
				GCC_NO_COMMON_BLOCKS = YES;
				GCC_OPTIMIZATION_LEVEL = 0;
				GCC_PREPROCESSOR_DEFINITIONS = (
					"DEBUG=1",
					"$(inherited)",
				);
				GCC_WARN_64_TO_32_BIT_CONVERSION = YES;
				GCC_WARN_ABOUT_RETURN_TYPE = YES_ERROR;
				GCC_WARN_UNDECLARED_SELECTOR = YES;
				GCC_WARN_UNINITIALIZED_AUTOS = YES_AGGRESSIVE;
				GCC_WARN_UNUSED_FUNCTION = YES;
				GCC_WARN_UNUSED_VARIABLE = YES;
				IPHONEOS_DEPLOYMENT_TARGET = 13.4;
				MTL_ENABLE_DEBUG_INFO = INCLUDE_SOURCE;
				MTL_FAST_MATH = YES;
				ONLY_ACTIVE_ARCH = YES;
				SDKROOT = iphoneos;
				SWIFT_ACTIVE_COMPILATION_CONDITIONS = DEBUG;
				SWIFT_OPTIMIZATION_LEVEL = "-Onone";
			};
			name = Debug;
		};
		93EC9B83248FA7CA00F823BF /* Release */ = {
			isa = XCBuildConfiguration;
			buildSettings = {
				ALWAYS_SEARCH_USER_PATHS = NO;
				CLANG_ANALYZER_NONNULL = YES;
				CLANG_ANALYZER_NUMBER_OBJECT_CONVERSION = YES_AGGRESSIVE;
				CLANG_CXX_LANGUAGE_STANDARD = "gnu++14";
				CLANG_CXX_LIBRARY = "libc++";
				CLANG_ENABLE_MODULES = YES;
				CLANG_ENABLE_OBJC_ARC = YES;
				CLANG_ENABLE_OBJC_WEAK = YES;
				CLANG_WARN_BLOCK_CAPTURE_AUTORELEASING = YES;
				CLANG_WARN_BOOL_CONVERSION = YES;
				CLANG_WARN_COMMA = YES;
				CLANG_WARN_CONSTANT_CONVERSION = YES;
				CLANG_WARN_DEPRECATED_OBJC_IMPLEMENTATIONS = YES;
				CLANG_WARN_DIRECT_OBJC_ISA_USAGE = YES_ERROR;
				CLANG_WARN_DOCUMENTATION_COMMENTS = YES;
				CLANG_WARN_EMPTY_BODY = YES;
				CLANG_WARN_ENUM_CONVERSION = YES;
				CLANG_WARN_INFINITE_RECURSION = YES;
				CLANG_WARN_INT_CONVERSION = YES;
				CLANG_WARN_NON_LITERAL_NULL_CONVERSION = YES;
				CLANG_WARN_OBJC_IMPLICIT_RETAIN_SELF = YES;
				CLANG_WARN_OBJC_LITERAL_CONVERSION = YES;
				CLANG_WARN_OBJC_ROOT_CLASS = YES_ERROR;
				CLANG_WARN_QUOTED_INCLUDE_IN_FRAMEWORK_HEADER = YES;
				CLANG_WARN_RANGE_LOOP_ANALYSIS = YES;
				CLANG_WARN_STRICT_PROTOTYPES = YES;
				CLANG_WARN_SUSPICIOUS_MOVE = YES;
				CLANG_WARN_UNGUARDED_AVAILABILITY = YES_AGGRESSIVE;
				CLANG_WARN_UNREACHABLE_CODE = YES;
				CLANG_WARN__DUPLICATE_METHOD_MATCH = YES;
				COPY_PHASE_STRIP = NO;
				DEBUG_INFORMATION_FORMAT = "dwarf-with-dsym";
				ENABLE_NS_ASSERTIONS = NO;
				ENABLE_STRICT_OBJC_MSGSEND = YES;
				GCC_C_LANGUAGE_STANDARD = gnu11;
				GCC_NO_COMMON_BLOCKS = YES;
				GCC_WARN_64_TO_32_BIT_CONVERSION = YES;
				GCC_WARN_ABOUT_RETURN_TYPE = YES_ERROR;
				GCC_WARN_UNDECLARED_SELECTOR = YES;
				GCC_WARN_UNINITIALIZED_AUTOS = YES_AGGRESSIVE;
				GCC_WARN_UNUSED_FUNCTION = YES;
				GCC_WARN_UNUSED_VARIABLE = YES;
				IPHONEOS_DEPLOYMENT_TARGET = 13.4;
				MTL_ENABLE_DEBUG_INFO = NO;
				MTL_FAST_MATH = YES;
				SDKROOT = iphoneos;
				SWIFT_COMPILATION_MODE = wholemodule;
				SWIFT_OPTIMIZATION_LEVEL = "-O";
				VALIDATE_PRODUCT = YES;
			};
			name = Release;
		};
		93EC9B85248FA7CA00F823BF /* Debug */ = {
			isa = XCBuildConfiguration;
			buildSettings = {
				ASSETCATALOG_COMPILER_APPICON_NAME = AppIcon;
				CODE_SIGN_STYLE = Automatic;
				CURRENT_PROJECT_VERSION = 2;
				DEVELOPMENT_ASSET_PATHS = "\"KippenCounter/Preview Content\"";
				DEVELOPMENT_TEAM = A5V97S858F;
				ENABLE_PREVIEWS = YES;
				INFOPLIST_FILE = KippenCounter/Info.plist;
				IPHONEOS_DEPLOYMENT_TARGET = 14.0;
				LD_RUNPATH_SEARCH_PATHS = (
					"$(inherited)",
					"@executable_path/Frameworks",
				);
				MARKETING_VERSION = 1.1;
				PRODUCT_BUNDLE_IDENTIFIER = AS.KippenCounter;
				PRODUCT_NAME = "$(TARGET_NAME)";
				SWIFT_VERSION = 5.0;
				TARGETED_DEVICE_FAMILY = "1,2";
			};
			name = Debug;
		};
		93EC9B86248FA7CA00F823BF /* Release */ = {
			isa = XCBuildConfiguration;
			buildSettings = {
				ASSETCATALOG_COMPILER_APPICON_NAME = AppIcon;
				CODE_SIGN_STYLE = Automatic;
				CURRENT_PROJECT_VERSION = 2;
				DEVELOPMENT_ASSET_PATHS = "\"KippenCounter/Preview Content\"";
				DEVELOPMENT_TEAM = A5V97S858F;
				ENABLE_PREVIEWS = YES;
				INFOPLIST_FILE = KippenCounter/Info.plist;
				IPHONEOS_DEPLOYMENT_TARGET = 14.0;
				LD_RUNPATH_SEARCH_PATHS = (
					"$(inherited)",
					"@executable_path/Frameworks",
				);
				MARKETING_VERSION = 1.1;
				PRODUCT_BUNDLE_IDENTIFIER = AS.KippenCounter;
				PRODUCT_NAME = "$(TARGET_NAME)";
				SWIFT_VERSION = 5.0;
				TARGETED_DEVICE_FAMILY = "1,2";
			};
			name = Release;
		};
/* End XCBuildConfiguration section */

/* Begin XCConfigurationList section */
		93EC9B6B248FA7C900F823BF /* Build configuration list for PBXProject "KippenCounter" */ = {
			isa = XCConfigurationList;
			buildConfigurations = (
				93EC9B82248FA7CA00F823BF /* Debug */,
				93EC9B83248FA7CA00F823BF /* Release */,
			);
			defaultConfigurationIsVisible = 0;
			defaultConfigurationName = Release;
		};
		93EC9B84248FA7CA00F823BF /* Build configuration list for PBXNativeTarget "KippenCounter" */ = {
			isa = XCConfigurationList;
			buildConfigurations = (
				93EC9B85248FA7CA00F823BF /* Debug */,
				93EC9B86248FA7CA00F823BF /* Release */,
			);
			defaultConfigurationIsVisible = 0;
			defaultConfigurationName = Release;
		};
/* End XCConfigurationList section */
	};
	rootObject = 93EC9B68248FA7C900F823BF /* Project object */;
}
